
Microsoft Visual Studio Solution File, Format Version 12.00
# Visual Studio Version 17
VisualStudioVersion = 17.0.31903.59
MinimumVisualStudioVersion = 10.0.40219.1
Project("{9A19103F-16F7-4668-BE54-9A1E7A4F7556}") = "FileTransfer", "FileTransferService\FileTransfer.csproj", "{7F69681E-165D-406C-9006-6FCB389F9B1C}"
EndProject
Project("{9A19103F-16F7-4668-BE54-9A1E7A4F7556}") = "FileTransfer.Tests", "tests\FileTransfer.Tests.csproj", "{54182D42-173F-4E47-9B54-C2ADCA2371A7}"
EndProject
Project("{2150E333-8FDC-42A3-9474-1A3956D46DE8}") = "tools", "tools", "{1B2847B0-C192-4E9C-9807-22AA24DC3E37}"
EndProject
Project("{FAE04EC0-301F-11D3-BF4B-00C04F79EFBC}") = "MockRestServer", "tools\MockRestServer\MockRestServer.csproj", "{A25CBF4B-9A4E-41CF-B75D-808BE5EBA1CA}"
EndProject
Global
	GlobalSection(SolutionConfigurationPlatforms) = preSolution
		Debug|Any CPU = Debug|Any CPU
		Release|Any CPU = Release|Any CPU
	EndGlobalSection
	GlobalSection(ProjectConfigurationPlatforms) = postSolution
		{7F69681E-165D-406C-9006-6FCB389F9B1C}.Debug|Any CPU.ActiveCfg = Debug|Any CPU
		{7F69681E-165D-406C-9006-6FCB389F9B1C}.Debug|Any CPU.Build.0 = Debug|Any CPU
		{7F69681E-165D-406C-9006-6FCB389F9B1C}.Release|Any CPU.ActiveCfg = Release|Any CPU
		{7F69681E-165D-406C-9006-6FCB389F9B1C}.Release|Any CPU.Build.0 = Release|Any CPU
		{54182D42-173F-4E47-9B54-C2ADCA2371A7}.Debug|Any CPU.ActiveCfg = Debug|Any CPU
		{54182D42-173F-4E47-9B54-C2ADCA2371A7}.Debug|Any CPU.Build.0 = Debug|Any CPU
		{54182D42-173F-4E47-9B54-C2ADCA2371A7}.Release|Any CPU.ActiveCfg = Release|Any CPU
		{54182D42-173F-4E47-9B54-C2ADCA2371A7}.Release|Any CPU.Build.0 = Release|Any CPU
		{A25CBF4B-9A4E-41CF-B75D-808BE5EBA1CA}.Debug|Any CPU.ActiveCfg = Debug|Any CPU
		{A25CBF4B-9A4E-41CF-B75D-808BE5EBA1CA}.Debug|Any CPU.Build.0 = Debug|Any CPU
		{A25CBF4B-9A4E-41CF-B75D-808BE5EBA1CA}.Release|Any CPU.ActiveCfg = Release|Any CPU
		{A25CBF4B-9A4E-41CF-B75D-808BE5EBA1CA}.Release|Any CPU.Build.0 = Release|Any CPU
	EndGlobalSection
	GlobalSection(SolutionProperties) = preSolution
		HideSolutionNode = FALSE
	EndGlobalSection
	GlobalSection(ExtensibilityGlobals) = postSolution
		SolutionGuid = {E9611E7D-C356-41F6-8966-726893ACB4ED}
	EndGlobalSection
	GlobalSection(NestedProjects) = preSolution
		{A25CBF4B-9A4E-41CF-B75D-808BE5EBA1CA} = {1B2847B0-C192-4E9C-9807-22AA24DC3E37}
	EndGlobalSection
EndGlobal
